
Microsoft Visual Studio Solution File, Format Version 12.00
# Visual Studio Version 17
VisualStudioVersion = 17.7.34221.43
MinimumVisualStudioVersion = 10.0.40219.1
Project("{FAE04EC0-301F-11D3-BF4B-00C04F79EFBC}") = "AnimalConsoleApp", "Animal\AnimalConsoleApp.csproj", "{FB8A9208-E4E7-4D19-AB39-61821B57E387}"
EndProject
Global
	GlobalSection(SolutionConfigurationPlatforms) = preSolution
		Debug|Any CPU = Debug|Any CPU
		Release|Any CPU = Release|Any CPU
	EndGlobalSection
	GlobalSection(ProjectConfigurationPlatforms) = postSolution
		{FB8A9208-E4E7-4D19-AB39-61821B57E387}.Debug|Any CPU.ActiveCfg = Debug|Any CPU
		{FB8A9208-E4E7-4D19-AB39-61821B57E387}.Debug|Any CPU.Build.0 = Debug|Any CPU
		{FB8A9208-E4E7-4D19-AB39-61821B57E387}.Release|Any CPU.ActiveCfg = Release|Any CPU
		{FB8A9208-E4E7-4D19-AB39-61821B57E387}.Release|Any CPU.Build.0 = Release|Any CPU
	EndGlobalSection
	GlobalSection(SolutionProperties) = preSolution
		HideSolutionNode = FALSE
	EndGlobalSection
	GlobalSection(ExtensibilityGlobals) = postSolution
		SolutionGuid = {48100275-D46B-458B-9638-50B6253A4889}
	EndGlobalSection
EndGlobal
