
Microsoft Visual Studio Solution File, Format Version 12.00
# Visual Studio Version 17
VisualStudioVersion = 17.7.34221.43
MinimumVisualStudioVersion = 10.0.40219.1
Project("{FAE04EC0-301F-11D3-BF4B-00C04F79EFBC}") = "ChessBoardGUIApp", "ChessBoardGUIApp\ChessBoardGUIApp.csproj", "{1397E018-0379-431B-A171-48CDBF963651}"
EndProject
Project("{9A19103F-16F7-4668-BE54-9A1E7A4F7556}") = "ChessBoardModel", "ChessBoardModel\ChessBoardModel.csproj", "{E8722043-7514-4306-9BD4-FEABCDC750AB}"
EndProject
Global
	GlobalSection(SolutionConfigurationPlatforms) = preSolution
		Debug|Any CPU = Debug|Any CPU
		Release|Any CPU = Release|Any CPU
	EndGlobalSection
	GlobalSection(ProjectConfigurationPlatforms) = postSolution
		{1397E018-0379-431B-A171-48CDBF963651}.Debug|Any CPU.ActiveCfg = Debug|Any CPU
		{1397E018-0379-431B-A171-48CDBF963651}.Debug|Any CPU.Build.0 = Debug|Any CPU
		{1397E018-0379-431B-A171-48CDBF963651}.Release|Any CPU.ActiveCfg = Release|Any CPU
		{1397E018-0379-431B-A171-48CDBF963651}.Release|Any CPU.Build.0 = Release|Any CPU
		{E8722043-7514-4306-9BD4-FEABCDC750AB}.Debug|Any CPU.ActiveCfg = Debug|Any CPU
		{E8722043-7514-4306-9BD4-FEABCDC750AB}.Debug|Any CPU.Build.0 = Debug|Any CPU
		{E8722043-7514-4306-9BD4-FEABCDC750AB}.Release|Any CPU.ActiveCfg = Release|Any CPU
		{E8722043-7514-4306-9BD4-FEABCDC750AB}.Release|Any CPU.Build.0 = Release|Any CPU
	EndGlobalSection
	GlobalSection(SolutionProperties) = preSolution
		HideSolutionNode = FALSE
	EndGlobalSection
	GlobalSection(ExtensibilityGlobals) = postSolution
		SolutionGuid = {37A784D1-355E-4442-9DB2-59C5F1659BB5}
	EndGlobalSection
EndGlobal
