
Microsoft Visual Studio Solution File, Format Version 12.00
# Visual Studio Version 17
VisualStudioVersion = 17.7.34221.43
MinimumVisualStudioVersion = 10.0.40219.1
Project("{FAE04EC0-301F-11D3-BF4B-00C04F79EFBC}") = "ChessBoardConsoleApp", "ChessBoardConsoleApp\ChessBoardConsoleApp.csproj", "{8A088882-A77C-42DD-8A2E-187DD7833529}"
EndProject
Project("{FAE04EC0-301F-11D3-BF4B-00C04F79EFBC}") = "ChessBoardModel", "ChessBoardModel\ChessBoardModel.csproj", "{19543924-C8B8-43A4-BBA9-7BDF6161A84F}"
EndProject
Global
	GlobalSection(SolutionConfigurationPlatforms) = preSolution
		Debug|Any CPU = Debug|Any CPU
		Release|Any CPU = Release|Any CPU
	EndGlobalSection
	GlobalSection(ProjectConfigurationPlatforms) = postSolution
		{8A088882-A77C-42DD-8A2E-187DD7833529}.Debug|Any CPU.ActiveCfg = Debug|Any CPU
		{8A088882-A77C-42DD-8A2E-187DD7833529}.Debug|Any CPU.Build.0 = Debug|Any CPU
		{8A088882-A77C-42DD-8A2E-187DD7833529}.Release|Any CPU.ActiveCfg = Release|Any CPU
		{8A088882-A77C-42DD-8A2E-187DD7833529}.Release|Any CPU.Build.0 = Release|Any CPU
		{19543924-C8B8-43A4-BBA9-7BDF6161A84F}.Debug|Any CPU.ActiveCfg = Debug|Any CPU
		{19543924-C8B8-43A4-BBA9-7BDF6161A84F}.Debug|Any CPU.Build.0 = Debug|Any CPU
		{19543924-C8B8-43A4-BBA9-7BDF6161A84F}.Release|Any CPU.ActiveCfg = Release|Any CPU
		{19543924-C8B8-43A4-BBA9-7BDF6161A84F}.Release|Any CPU.Build.0 = Release|Any CPU
	EndGlobalSection
	GlobalSection(SolutionProperties) = preSolution
		HideSolutionNode = FALSE
	EndGlobalSection
	GlobalSection(ExtensibilityGlobals) = postSolution
		SolutionGuid = {D8B23C76-36B6-4829-98CD-10378CF51CCF}
	EndGlobalSection
EndGlobal
