
Microsoft Visual Studio Solution File, Format Version 12.00
# Visual Studio Version 17
VisualStudioVersion = 17.7.34221.43
MinimumVisualStudioVersion = 10.0.40219.1
Project("{FAE04EC0-301F-11D3-BF4B-00C04F79EFBC}") = "MinesweeperGUI", "MinesweeperGUI\MinesweeperGUI.csproj", "{2E295892-19FE-4D9B-AB26-E71E9F2AF67B}"
EndProject
Global
	GlobalSection(SolutionConfigurationPlatforms) = preSolution
		Debug|Any CPU = Debug|Any CPU
		Release|Any CPU = Release|Any CPU
	EndGlobalSection
	GlobalSection(ProjectConfigurationPlatforms) = postSolution
		{2E295892-19FE-4D9B-AB26-E71E9F2AF67B}.Debug|Any CPU.ActiveCfg = Debug|Any CPU
		{2E295892-19FE-4D9B-AB26-E71E9F2AF67B}.Debug|Any CPU.Build.0 = Debug|Any CPU
		{2E295892-19FE-4D9B-AB26-E71E9F2AF67B}.Release|Any CPU.ActiveCfg = Release|Any CPU
		{2E295892-19FE-4D9B-AB26-E71E9F2AF67B}.Release|Any CPU.Build.0 = Release|Any CPU
	EndGlobalSection
	GlobalSection(SolutionProperties) = preSolution
		HideSolutionNode = FALSE
	EndGlobalSection
	GlobalSection(ExtensibilityGlobals) = postSolution
		SolutionGuid = {63F69891-F257-4312-90AA-400D840E55DD}
	EndGlobalSection
EndGlobal
